
Microsoft Visual Studio Solution File, Format Version 12.00
# Visual Studio Version 17
VisualStudioVersion = 17.8.34316.72
MinimumVisualStudioVersion = 10.0.40219.1
Project("{FAE04EC0-301F-11D3-BF4B-00C04F79EFBC}") = "BaseTest.API", "BaseTest.API\BaseTest.API.csproj", "{4788A1E4-850D-45A8-93D2-AF83A2A42E94}"
EndProject
Project("{FAE04EC0-301F-11D3-BF4B-00C04F79EFBC}") = "BaseTest.Models", "BaseTest.Models\BaseTest.Models.csproj", "{0A47AE41-8BA4-4A89-884D-823DFB080CFB}"
EndProject
Project("{FAE04EC0-301F-11D3-BF4B-00C04F79EFBC}") = "BaseTest.Repository", "BaseTest.Repository\BaseTest.Repository.csproj", "{8BB71766-2BB5-4951-89A4-E1FA86306F74}"
EndProject
Project("{FAE04EC0-301F-11D3-BF4B-00C04F79EFBC}") = "BaseTest.Common", "BaseTest.Common\BaseTest.Common.csproj", "{32B4F652-354E-43C8-B63E-3ADEFD694AA2}"
EndProject
Project("{FAE04EC0-301F-11D3-BF4B-00C04F79EFBC}") = "BaseTest.Business", "BaseTest.Business\BaseTest.Business.csproj", "{02A1E429-E45D-4DE1-B44A-6BEA0309F268}"
EndProject
Global
	GlobalSection(SolutionConfigurationPlatforms) = preSolution
		Debug|Any CPU = Debug|Any CPU
		Release|Any CPU = Release|Any CPU
	EndGlobalSection
	GlobalSection(ProjectConfigurationPlatforms) = postSolution
		{4788A1E4-850D-45A8-93D2-AF83A2A42E94}.Debug|Any CPU.ActiveCfg = Debug|Any CPU
		{4788A1E4-850D-45A8-93D2-AF83A2A42E94}.Debug|Any CPU.Build.0 = Debug|Any CPU
		{4788A1E4-850D-45A8-93D2-AF83A2A42E94}.Release|Any CPU.ActiveCfg = Release|Any CPU
		{4788A1E4-850D-45A8-93D2-AF83A2A42E94}.Release|Any CPU.Build.0 = Release|Any CPU
		{0A47AE41-8BA4-4A89-884D-823DFB080CFB}.Debug|Any CPU.ActiveCfg = Debug|Any CPU
		{0A47AE41-8BA4-4A89-884D-823DFB080CFB}.Debug|Any CPU.Build.0 = Debug|Any CPU
		{0A47AE41-8BA4-4A89-884D-823DFB080CFB}.Release|Any CPU.ActiveCfg = Release|Any CPU
		{0A47AE41-8BA4-4A89-884D-823DFB080CFB}.Release|Any CPU.Build.0 = Release|Any CPU
		{8BB71766-2BB5-4951-89A4-E1FA86306F74}.Debug|Any CPU.ActiveCfg = Debug|Any CPU
		{8BB71766-2BB5-4951-89A4-E1FA86306F74}.Debug|Any CPU.Build.0 = Debug|Any CPU
		{8BB71766-2BB5-4951-89A4-E1FA86306F74}.Release|Any CPU.ActiveCfg = Release|Any CPU
		{8BB71766-2BB5-4951-89A4-E1FA86306F74}.Release|Any CPU.Build.0 = Release|Any CPU
		{32B4F652-354E-43C8-B63E-3ADEFD694AA2}.Debug|Any CPU.ActiveCfg = Debug|Any CPU
		{32B4F652-354E-43C8-B63E-3ADEFD694AA2}.Debug|Any CPU.Build.0 = Debug|Any CPU
		{32B4F652-354E-43C8-B63E-3ADEFD694AA2}.Release|Any CPU.ActiveCfg = Release|Any CPU
		{32B4F652-354E-43C8-B63E-3ADEFD694AA2}.Release|Any CPU.Build.0 = Release|Any CPU
		{02A1E429-E45D-4DE1-B44A-6BEA0309F268}.Debug|Any CPU.ActiveCfg = Debug|Any CPU
		{02A1E429-E45D-4DE1-B44A-6BEA0309F268}.Debug|Any CPU.Build.0 = Debug|Any CPU
		{02A1E429-E45D-4DE1-B44A-6BEA0309F268}.Release|Any CPU.ActiveCfg = Release|Any CPU
		{02A1E429-E45D-4DE1-B44A-6BEA0309F268}.Release|Any CPU.Build.0 = Release|Any CPU
	EndGlobalSection
	GlobalSection(SolutionProperties) = preSolution
		HideSolutionNode = FALSE
	EndGlobalSection
	GlobalSection(ExtensibilityGlobals) = postSolution
		SolutionGuid = {4510C65E-A9D7-475E-80A5-1AF7F9A1E565}
	EndGlobalSection
EndGlobal
